// !$*UTF8*$!
{
	archiveVersion = 1;
	classes = {
	};
	objectVersion = 56;
	objects = {

/* Begin PBXBuildFile section */
		E40B069B29D05A2900F42C15 /* CustomModifiers.swift in Sources */ = {isa = PBXBuildFile; fileRef = E40B069A29D05A2900F42C15 /* CustomModifiers.swift */; };
		E43AD73129CDFCC500CDB53C /* Order.swift in Sources */ = {isa = PBXBuildFile; fileRef = E43AD73029CDFCC500CDB53C /* Order.swift */; };
		E43AD73429CE21B400CDB53C /* EmptyState.swift in Sources */ = {isa = PBXBuildFile; fileRef = E43AD73329CE21B400CDB53C /* EmptyState.swift */; };
		E4458EAE29D57A830040A695 /* NetworkManagerAsync.swift in Sources */ = {isa = PBXBuildFile; fileRef = E4458EAD29D57A830040A695 /* NetworkManagerAsync.swift */; };
		E4458EB129D599900040A695 /* AlertToast in Frameworks */ = {isa = PBXBuildFile; productRef = E4458EB029D599900040A695 /* AlertToast */; };
		E46F9A9029C40B83004AA22A /* FoodDetailView.swift in Sources */ = {isa = PBXBuildFile; fileRef = E46F9A8F29C40B83004AA22A /* FoodDetailView.swift */; };
		E477C75729BF6D5C00467B6C /* Food_Mela_iOSApp.swift in Sources */ = {isa = PBXBuildFile; fileRef = E477C75629BF6D5C00467B6C /* Food_Mela_iOSApp.swift */; };
		E477C75929BF6D5C00467B6C /* FoodMelaTabView.swift in Sources */ = {isa = PBXBuildFile; fileRef = E477C75829BF6D5C00467B6C /* FoodMelaTabView.swift */; };
		E477C75B29BF6D5E00467B6C /* Assets.xcassets in Resources */ = {isa = PBXBuildFile; fileRef = E477C75A29BF6D5E00467B6C /* Assets.xcassets */; };
		E477C75E29BF6D5E00467B6C /* Preview Assets.xcassets in Resources */ = {isa = PBXBuildFile; fileRef = E477C75D29BF6D5E00467B6C /* Preview Assets.xcassets */; };
		E477C76529BF6F2300467B6C /* FoodMelaListView.swift in Sources */ = {isa = PBXBuildFile; fileRef = E477C76429BF6F2300467B6C /* FoodMelaListView.swift */; };
		E477C76729BF6F4200467B6C /* AccountView.swift in Sources */ = {isa = PBXBuildFile; fileRef = E477C76629BF6F4200467B6C /* AccountView.swift */; };
		E477C76929BF6F5200467B6C /* OrderView.swift in Sources */ = {isa = PBXBuildFile; fileRef = E477C76829BF6F5200467B6C /* OrderView.swift */; };
		E48F3B1D29C8AB85003AE4AC /* AccountViewModel.swift in Sources */ = {isa = PBXBuildFile; fileRef = E48F3B1C29C8AB85003AE4AC /* AccountViewModel.swift */; };
		E48F3B1F29C8B091003AE4AC /* String+Ext.swift in Sources */ = {isa = PBXBuildFile; fileRef = E48F3B1E29C8B091003AE4AC /* String+Ext.swift */; };
		E49DBD9929C3327D000E70F9 /* ActivityIndicator.swift in Sources */ = {isa = PBXBuildFile; fileRef = E49DBD9829C3327D000E70F9 /* ActivityIndicator.swift */; };
		E49DBD9B29C334F0000E70F9 /* Color+Ext.swift in Sources */ = {isa = PBXBuildFile; fileRef = E49DBD9A29C334F0000E70F9 /* Color+Ext.swift */; };
		E49DBD9D29C3487F000E70F9 /* RemoteImage.swift in Sources */ = {isa = PBXBuildFile; fileRef = E49DBD9C29C3487E000E70F9 /* RemoteImage.swift */; };
		E4A0AADA29C779FA002F6695 /* FoodButtonView.swift in Sources */ = {isa = PBXBuildFile; fileRef = E4A0AAD929C779FA002F6695 /* FoodButtonView.swift */; };
		E4A0AADC29C77C04002F6695 /* XDismissButton.swift in Sources */ = {isa = PBXBuildFile; fileRef = E4A0AADB29C77C04002F6695 /* XDismissButton.swift */; };
		E4A2BA6A29C9F2350094A288 /* User.swift in Sources */ = {isa = PBXBuildFile; fileRef = E4A2BA6929C9F2350094A288 /* User.swift */; };
		E4E7894229C0564F001F88E9 /* FoodItem.swift in Sources */ = {isa = PBXBuildFile; fileRef = E4E7894129C0564F001F88E9 /* FoodItem.swift */; };
		E4E7894529C175CC001F88E9 /* NetworkManager.swift in Sources */ = {isa = PBXBuildFile; fileRef = E4E7894429C175CC001F88E9 /* NetworkManager.swift */; };
		E4E7894729C17607001F88E9 /* NetworkError.swift in Sources */ = {isa = PBXBuildFile; fileRef = E4E7894629C17607001F88E9 /* NetworkError.swift */; };
		E4E7894929C17626001F88E9 /* UrlConstant.swift in Sources */ = {isa = PBXBuildFile; fileRef = E4E7894829C17626001F88E9 /* UrlConstant.swift */; };
		E4E7894B29C198B5001F88E9 /* FoodListCell.swift in Sources */ = {isa = PBXBuildFile; fileRef = E4E7894A29C198B5001F88E9 /* FoodListCell.swift */; };
		E4E7894D29C1BE48001F88E9 /* FoodMelaListViewModel.swift in Sources */ = {isa = PBXBuildFile; fileRef = E4E7894C29C1BE47001F88E9 /* FoodMelaListViewModel.swift */; };
		E4E7895029C2064B001F88E9 /* AlertItem.swift in Sources */ = {isa = PBXBuildFile; fileRef = E4E7894F29C2064B001F88E9 /* AlertItem.swift */; };
		E4F2046529D74B2B0097FB16 /* Date+Ext.swift in Sources */ = {isa = PBXBuildFile; fileRef = E4F2046429D74B2B0097FB16 /* Date+Ext.swift */; };
/* End PBXBuildFile section */

/* Begin PBXFileReference section */
		E40B069A29D05A2900F42C15 /* CustomModifiers.swift */ = {isa = PBXFileReference; lastKnownFileType = sourcecode.swift; path = CustomModifiers.swift; sourceTree = "<group>"; };
		E43AD73029CDFCC500CDB53C /* Order.swift */ = {isa = PBXFileReference; lastKnownFileType = sourcecode.swift; path = Order.swift; sourceTree = "<group>"; };
		E43AD73329CE21B400CDB53C /* EmptyState.swift */ = {isa = PBXFileReference; lastKnownFileType = sourcecode.swift; path = EmptyState.swift; sourceTree = "<group>"; };
		E4458EAD29D57A830040A695 /* NetworkManagerAsync.swift */ = {isa = PBXFileReference; lastKnownFileType = sourcecode.swift; path = NetworkManagerAsync.swift; sourceTree = "<group>"; };
		E46F9A8F29C40B83004AA22A /* FoodDetailView.swift */ = {isa = PBXFileReference; lastKnownFileType = sourcecode.swift; path = FoodDetailView.swift; sourceTree = "<group>"; };
		E477C75329BF6D5C00467B6C /* Food-Mela iOS.app */ = {isa = PBXFileReference; explicitFileType = wrapper.application; includeInIndex = 0; path = "Food-Mela iOS.app"; sourceTree = BUILT_PRODUCTS_DIR; };
		E477C75629BF6D5C00467B6C /* Food_Mela_iOSApp.swift */ = {isa = PBXFileReference; lastKnownFileType = sourcecode.swift; path = Food_Mela_iOSApp.swift; sourceTree = "<group>"; };
		E477C75829BF6D5C00467B6C /* FoodMelaTabView.swift */ = {isa = PBXFileReference; lastKnownFileType = sourcecode.swift; path = FoodMelaTabView.swift; sourceTree = "<group>"; };
		E477C75A29BF6D5E00467B6C /* Assets.xcassets */ = {isa = PBXFileReference; lastKnownFileType = folder.assetcatalog; path = Assets.xcassets; sourceTree = "<group>"; };
		E477C75D29BF6D5E00467B6C /* Preview Assets.xcassets */ = {isa = PBXFileReference; lastKnownFileType = folder.assetcatalog; path = "Preview Assets.xcassets"; sourceTree = "<group>"; };
		E477C76429BF6F2300467B6C /* FoodMelaListView.swift */ = {isa = PBXFileReference; lastKnownFileType = sourcecode.swift; path = FoodMelaListView.swift; sourceTree = "<group>"; };
		E477C76629BF6F4200467B6C /* AccountView.swift */ = {isa = PBXFileReference; lastKnownFileType = sourcecode.swift; path = AccountView.swift; sourceTree = "<group>"; };
		E477C76829BF6F5200467B6C /* OrderView.swift */ = {isa = PBXFileReference; lastKnownFileType = sourcecode.swift; path = OrderView.swift; sourceTree = "<group>"; };
		E48F3B1C29C8AB85003AE4AC /* AccountViewModel.swift */ = {isa = PBXFileReference; lastKnownFileType = sourcecode.swift; path = AccountViewModel.swift; sourceTree = "<group>"; };
		E48F3B1E29C8B091003AE4AC /* String+Ext.swift */ = {isa = PBXFileReference; lastKnownFileType = sourcecode.swift; path = "String+Ext.swift"; sourceTree = "<group>"; };
		E49DBD9829C3327D000E70F9 /* ActivityIndicator.swift */ = {isa = PBXFileReference; lastKnownFileType = sourcecode.swift; path = ActivityIndicator.swift; sourceTree = "<group>"; };
		E49DBD9A29C334F0000E70F9 /* Color+Ext.swift */ = {isa = PBXFileReference; lastKnownFileType = sourcecode.swift; path = "Color+Ext.swift"; sourceTree = "<group>"; };
		E49DBD9C29C3487E000E70F9 /* RemoteImage.swift */ = {isa = PBXFileReference; lastKnownFileType = sourcecode.swift; path = RemoteImage.swift; sourceTree = "<group>"; };
		E4A0AAD929C779FA002F6695 /* FoodButtonView.swift */ = {isa = PBXFileReference; lastKnownFileType = sourcecode.swift; path = FoodButtonView.swift; sourceTree = "<group>"; };
		E4A0AADB29C77C04002F6695 /* XDismissButton.swift */ = {isa = PBXFileReference; lastKnownFileType = sourcecode.swift; path = XDismissButton.swift; sourceTree = "<group>"; };
		E4A2BA6929C9F2350094A288 /* User.swift */ = {isa = PBXFileReference; lastKnownFileType = sourcecode.swift; path = User.swift; sourceTree = "<group>"; };
		E4E7894129C0564F001F88E9 /* FoodItem.swift */ = {isa = PBXFileReference; lastKnownFileType = sourcecode.swift; path = FoodItem.swift; sourceTree = "<group>"; };
		E4E7894429C175CC001F88E9 /* NetworkManager.swift */ = {isa = PBXFileReference; lastKnownFileType = sourcecode.swift; path = NetworkManager.swift; sourceTree = "<group>"; };
		E4E7894629C17607001F88E9 /* NetworkError.swift */ = {isa = PBXFileReference; lastKnownFileType = sourcecode.swift; path = NetworkError.swift; sourceTree = "<group>"; };
		E4E7894829C17626001F88E9 /* UrlConstant.swift */ = {isa = PBXFileReference; lastKnownFileType = sourcecode.swift; path = UrlConstant.swift; sourceTree = "<group>"; };
		E4E7894A29C198B5001F88E9 /* FoodListCell.swift */ = {isa = PBXFileReference; lastKnownFileType = sourcecode.swift; path = FoodListCell.swift; sourceTree = "<group>"; };
		E4E7894C29C1BE47001F88E9 /* FoodMelaListViewModel.swift */ = {isa = PBXFileReference; lastKnownFileType = sourcecode.swift; path = FoodMelaListViewModel.swift; sourceTree = "<group>"; };
		E4E7894F29C2064B001F88E9 /* AlertItem.swift */ = {isa = PBXFileReference; lastKnownFileType = sourcecode.swift; path = AlertItem.swift; sourceTree = "<group>"; };
		E4F2046429D74B2B0097FB16 /* Date+Ext.swift */ = {isa = PBXFileReference; lastKnownFileType = sourcecode.swift; path = "Date+Ext.swift"; sourceTree = "<group>"; };
/* End PBXFileReference section */

/* Begin PBXFrameworksBuildPhase section */
		E477C75029BF6D5C00467B6C /* Frameworks */ = {
			isa = PBXFrameworksBuildPhase;
			buildActionMask = 2147483647;
			files = (
				E4458EB129D599900040A695 /* AlertToast in Frameworks */,
			);
			runOnlyForDeploymentPostprocessing = 0;
		};
/* End PBXFrameworksBuildPhase section */

/* Begin PBXGroup section */
		E43AD73229CE218F00CDB53C /* Empty States */ = {
			isa = PBXGroup;
			children = (
				E43AD73329CE21B400CDB53C /* EmptyState.swift */,
			);
			path = "Empty States";
			sourceTree = "<group>";
		};
		E46F9A8E29C40B4C004AA22A /* FoodDetailView */ = {
			isa = PBXGroup;
			children = (
				E46F9A8F29C40B83004AA22A /* FoodDetailView.swift */,
			);
			path = FoodDetailView;
			sourceTree = "<group>";
		};
		E477C74A29BF6D5B00467B6C = {
			isa = PBXGroup;
			children = (
				E477C75529BF6D5C00467B6C /* Food-Mela iOS */,
				E477C75429BF6D5C00467B6C /* Products */,
			);
			sourceTree = "<group>";
		};
		E477C75429BF6D5C00467B6C /* Products */ = {
			isa = PBXGroup;
			children = (
				E477C75329BF6D5C00467B6C /* Food-Mela iOS.app */,
			);
			name = Products;
			sourceTree = "<group>";
		};
		E477C75529BF6D5C00467B6C /* Food-Mela iOS */ = {
			isa = PBXGroup;
			children = (
				E49DBDA529C3501A000E70F9 /* Model */,
				E4E7894E29C2061C001F88E9 /* Utilities */,
				E4E7894329C1759C001F88E9 /* Network Manager */,
				E49DBDA629C35051000E70F9 /* Views */,
				E49DBD9E29C34EE7000E70F9 /* Screens */,
				E477C75629BF6D5C00467B6C /* Food_Mela_iOSApp.swift */,
				E477C75A29BF6D5E00467B6C /* Assets.xcassets */,
				E477C75C29BF6D5E00467B6C /* Preview Content */,
			);
			path = "Food-Mela iOS";
			sourceTree = "<group>";
		};
		E477C75C29BF6D5E00467B6C /* Preview Content */ = {
			isa = PBXGroup;
			children = (
				E477C75D29BF6D5E00467B6C /* Preview Assets.xcassets */,
			);
			path = "Preview Content";
			sourceTree = "<group>";
		};
		E49DBD9E29C34EE7000E70F9 /* Screens */ = {
			isa = PBXGroup;
			children = (
				E477C75829BF6D5C00467B6C /* FoodMelaTabView.swift */,
				E46F9A8E29C40B4C004AA22A /* FoodDetailView */,
				E49DBDA029C34F05000E70F9 /* AccountView */,
				E49DBD9F29C34EF8000E70F9 /* FoodListView */,
				E49DBDA129C34F0D000E70F9 /* OrderView */,
			);
			path = Screens;
			sourceTree = "<group>";
		};
		E49DBD9F29C34EF8000E70F9 /* FoodListView */ = {
			isa = PBXGroup;
			children = (
				E4E7894C29C1BE47001F88E9 /* FoodMelaListViewModel.swift */,
				E477C76429BF6F2300467B6C /* FoodMelaListView.swift */,
			);
			path = FoodListView;
			sourceTree = "<group>";
		};
		E49DBDA029C34F05000E70F9 /* AccountView */ = {
			isa = PBXGroup;
			children = (
				E477C76629BF6F4200467B6C /* AccountView.swift */,
				E48F3B1C29C8AB85003AE4AC /* AccountViewModel.swift */,
			);
			path = AccountView;
			sourceTree = "<group>";
		};
		E49DBDA129C34F0D000E70F9 /* OrderView */ = {
			isa = PBXGroup;
			children = (
				E477C76829BF6F5200467B6C /* OrderView.swift */,
			);
			path = OrderView;
			sourceTree = "<group>";
		};
		E49DBDA329C34F87000E70F9 /* Extensions */ = {
			isa = PBXGroup;
			children = (
				E49DBD9A29C334F0000E70F9 /* Color+Ext.swift */,
				E48F3B1E29C8B091003AE4AC /* String+Ext.swift */,
				E4F2046429D74B2B0097FB16 /* Date+Ext.swift */,
			);
			path = Extensions;
			sourceTree = "<group>";
		};
		E49DBDA429C34FA5000E70F9 /* Alerts */ = {
			isa = PBXGroup;
			children = (
				E4E7894F29C2064B001F88E9 /* AlertItem.swift */,
			);
			path = Alerts;
			sourceTree = "<group>";
		};
		E49DBDA529C3501A000E70F9 /* Model */ = {
			isa = PBXGroup;
			children = (
				E4E7894129C0564F001F88E9 /* FoodItem.swift */,
				E4A2BA6929C9F2350094A288 /* User.swift */,
				E43AD73029CDFCC500CDB53C /* Order.swift */,
			);
			path = Model;
			sourceTree = "<group>";
		};
		E49DBDA629C35051000E70F9 /* Views */ = {
			isa = PBXGroup;
			children = (
				E43AD73229CE218F00CDB53C /* Empty States */,
				E4A0AAD829C779A7002F6695 /* Buttons */,
				E49DBDA929C350A5000E70F9 /* Image */,
				E49DBDA829C3509A000E70F9 /* Cells */,
				E49DBDA729C3505E000E70F9 /* UIKit Component */,
				E40B069A29D05A2900F42C15 /* CustomModifiers.swift */,
			);
			path = Views;
			sourceTree = "<group>";
		};
		E49DBDA729C3505E000E70F9 /* UIKit Component */ = {
			isa = PBXGroup;
			children = (
				E49DBD9829C3327D000E70F9 /* ActivityIndicator.swift */,
			);
			path = "UIKit Component";
			sourceTree = "<group>";
		};
		E49DBDA829C3509A000E70F9 /* Cells */ = {
			isa = PBXGroup;
			children = (
				E4E7894A29C198B5001F88E9 /* FoodListCell.swift */,
			);
			path = Cells;
			sourceTree = "<group>";
		};
		E49DBDA929C350A5000E70F9 /* Image */ = {
			isa = PBXGroup;
			children = (
				E49DBD9C29C3487E000E70F9 /* RemoteImage.swift */,
			);
			path = Image;
			sourceTree = "<group>";
		};
		E4A0AAD829C779A7002F6695 /* Buttons */ = {
			isa = PBXGroup;
			children = (
				E4A0AAD929C779FA002F6695 /* FoodButtonView.swift */,
				E4A0AADB29C77C04002F6695 /* XDismissButton.swift */,
			);
			path = Buttons;
			sourceTree = "<group>";
		};
		E4E7894329C1759C001F88E9 /* Network Manager */ = {
			isa = PBXGroup;
			children = (
				E4E7894429C175CC001F88E9 /* NetworkManager.swift */,
				E4E7894629C17607001F88E9 /* NetworkError.swift */,
				E4E7894829C17626001F88E9 /* UrlConstant.swift */,
				E4458EAD29D57A830040A695 /* NetworkManagerAsync.swift */,
			);
			path = "Network Manager";
			sourceTree = "<group>";
		};
		E4E7894E29C2061C001F88E9 /* Utilities */ = {
			isa = PBXGroup;
			children = (
				E49DBDA329C34F87000E70F9 /* Extensions */,
				E49DBDA429C34FA5000E70F9 /* Alerts */,
			);
			path = Utilities;
			sourceTree = "<group>";
		};
/* End PBXGroup section */

/* Begin PBXNativeTarget section */
		E477C75229BF6D5C00467B6C /* Food-Mela iOS */ = {
			isa = PBXNativeTarget;
			buildConfigurationList = E477C76129BF6D5E00467B6C /* Build configuration list for PBXNativeTarget "Food-Mela iOS" */;
			buildPhases = (
				E477C74F29BF6D5C00467B6C /* Sources */,
				E477C75029BF6D5C00467B6C /* Frameworks */,
				E477C75129BF6D5C00467B6C /* Resources */,
			);
			buildRules = (
			);
			dependencies = (
			);
			name = "Food-Mela iOS";
			packageProductDependencies = (
				E4458EB029D599900040A695 /* AlertToast */,
			);
			productName = "Food-Mela iOS";
			productReference = E477C75329BF6D5C00467B6C /* Food-Mela iOS.app */;
			productType = "com.apple.product-type.application";
		};
/* End PBXNativeTarget section */

/* Begin PBXProject section */
		E477C74B29BF6D5B00467B6C /* Project object */ = {
			isa = PBXProject;
			attributes = {
				BuildIndependentTargetsInParallel = 1;
				LastSwiftUpdateCheck = 1420;
				LastUpgradeCheck = 1420;
				TargetAttributes = {
					E477C75229BF6D5C00467B6C = {
						CreatedOnToolsVersion = 14.2;
					};
				};
			};
			buildConfigurationList = E477C74E29BF6D5B00467B6C /* Build configuration list for PBXProject "Food-Mela iOS" */;
			compatibilityVersion = "Xcode 14.0";
			developmentRegion = en;
			hasScannedForEncodings = 0;
			knownRegions = (
				en,
				Base,
			);
			mainGroup = E477C74A29BF6D5B00467B6C;
			packageReferences = (
				E4458EAF29D599900040A695 /* XCRemoteSwiftPackageReference "AlertToast" */,
			);
			productRefGroup = E477C75429BF6D5C00467B6C /* Products */;
			projectDirPath = "";
			projectRoot = "";
			targets = (
				E477C75229BF6D5C00467B6C /* Food-Mela iOS */,
			);
		};
/* End PBXProject section */

/* Begin PBXResourcesBuildPhase section */
		E477C75129BF6D5C00467B6C /* Resources */ = {
			isa = PBXResourcesBuildPhase;
			buildActionMask = 2147483647;
			files = (
				E477C75E29BF6D5E00467B6C /* Preview Assets.xcassets in Resources */,
				E477C75B29BF6D5E00467B6C /* Assets.xcassets in Resources */,
			);
			runOnlyForDeploymentPostprocessing = 0;
		};
/* End PBXResourcesBuildPhase section */

/* Begin PBXSourcesBuildPhase section */
		E477C74F29BF6D5C00467B6C /* Sources */ = {
			isa = PBXSourcesBuildPhase;
			buildActionMask = 2147483647;
			files = (
				E43AD73429CE21B400CDB53C /* EmptyState.swift in Sources */,
				E477C76729BF6F4200467B6C /* AccountView.swift in Sources */,
				E49DBD9B29C334F0000E70F9 /* Color+Ext.swift in Sources */,
				E4E7895029C2064B001F88E9 /* AlertItem.swift in Sources */,
				E49DBD9D29C3487F000E70F9 /* RemoteImage.swift in Sources */,
				E43AD73129CDFCC500CDB53C /* Order.swift in Sources */,
				E4E7894729C17607001F88E9 /* NetworkError.swift in Sources */,
				E46F9A9029C40B83004AA22A /* FoodDetailView.swift in Sources */,
				E49DBD9929C3327D000E70F9 /* ActivityIndicator.swift in Sources */,
				E477C76529BF6F2300467B6C /* FoodMelaListView.swift in Sources */,
				E477C75929BF6D5C00467B6C /* FoodMelaTabView.swift in Sources */,
				E4E7894529C175CC001F88E9 /* NetworkManager.swift in Sources */,
				E48F3B1D29C8AB85003AE4AC /* AccountViewModel.swift in Sources */,
				E477C75729BF6D5C00467B6C /* Food_Mela_iOSApp.swift in Sources */,
				E4A0AADC29C77C04002F6695 /* XDismissButton.swift in Sources */,
				E4F2046529D74B2B0097FB16 /* Date+Ext.swift in Sources */,
				E4E7894929C17626001F88E9 /* UrlConstant.swift in Sources */,
				E4E7894229C0564F001F88E9 /* FoodItem.swift in Sources */,
				E4E7894D29C1BE48001F88E9 /* FoodMelaListViewModel.swift in Sources */,
				E4458EAE29D57A830040A695 /* NetworkManagerAsync.swift in Sources */,
				E477C76929BF6F5200467B6C /* OrderView.swift in Sources */,
				E4A0AADA29C779FA002F6695 /* FoodButtonView.swift in Sources */,
				E48F3B1F29C8B091003AE4AC /* String+Ext.swift in Sources */,
				E40B069B29D05A2900F42C15 /* CustomModifiers.swift in Sources */,
				E4E7894B29C198B5001F88E9 /* FoodListCell.swift in Sources */,
				E4A2BA6A29C9F2350094A288 /* User.swift in Sources */,
			);
			runOnlyForDeploymentPostprocessing = 0;
		};
/* End PBXSourcesBuildPhase section */

/* Begin XCBuildConfiguration section */
		E477C75F29BF6D5E00467B6C /* Debug */ = {
			isa = XCBuildConfiguration;
			buildSettings = {
				ALWAYS_SEARCH_USER_PATHS = NO;
				CLANG_ANALYZER_NONNULL = YES;
				CLANG_ANALYZER_NUMBER_OBJECT_CONVERSION = YES_AGGRESSIVE;
				CLANG_CXX_LANGUAGE_STANDARD = "gnu++20";
				CLANG_ENABLE_MODULES = YES;
				CLANG_ENABLE_OBJC_ARC = YES;
				CLANG_ENABLE_OBJC_WEAK = YES;
				CLANG_WARN_BLOCK_CAPTURE_AUTORELEASING = YES;
				CLANG_WARN_BOOL_CONVERSION = YES;
				CLANG_WARN_COMMA = YES;
				CLANG_WARN_CONSTANT_CONVERSION = YES;
				CLANG_WARN_DEPRECATED_OBJC_IMPLEMENTATIONS = YES;
				CLANG_WARN_DIRECT_OBJC_ISA_USAGE = YES_ERROR;
				CLANG_WARN_DOCUMENTATION_COMMENTS = YES;
				CLANG_WARN_EMPTY_BODY = YES;
				CLANG_WARN_ENUM_CONVERSION = YES;
				CLANG_WARN_INFINITE_RECURSION = YES;
				CLANG_WARN_INT_CONVERSION = YES;
				CLANG_WARN_NON_LITERAL_NULL_CONVERSION = YES;
				CLANG_WARN_OBJC_IMPLICIT_RETAIN_SELF = YES;
				CLANG_WARN_OBJC_LITERAL_CONVERSION = YES;
				CLANG_WARN_OBJC_ROOT_CLASS = YES_ERROR;
				CLANG_WARN_QUOTED_INCLUDE_IN_FRAMEWORK_HEADER = YES;
				CLANG_WARN_RANGE_LOOP_ANALYSIS = YES;
				CLANG_WARN_STRICT_PROTOTYPES = YES;
				CLANG_WARN_SUSPICIOUS_MOVE = YES;
				CLANG_WARN_UNGUARDED_AVAILABILITY = YES_AGGRESSIVE;
				CLANG_WARN_UNREACHABLE_CODE = YES;
				CLANG_WARN__DUPLICATE_METHOD_MATCH = YES;
				COPY_PHASE_STRIP = NO;
				DEBUG_INFORMATION_FORMAT = dwarf;
				ENABLE_STRICT_OBJC_MSGSEND = YES;
				ENABLE_TESTABILITY = YES;
				GCC_C_LANGUAGE_STANDARD = gnu11;
				GCC_DYNAMIC_NO_PIC = NO;
				GCC_NO_COMMON_BLOCKS = YES;
				GCC_OPTIMIZATION_LEVEL = 0;
				GCC_PREPROCESSOR_DEFINITIONS = (
					"DEBUG=1",
					"$(inherited)",
				);
				GCC_WARN_64_TO_32_BIT_CONVERSION = YES;
				GCC_WARN_ABOUT_RETURN_TYPE = YES_ERROR;
				GCC_WARN_UNDECLARED_SELECTOR = YES;
				GCC_WARN_UNINITIALIZED_AUTOS = YES_AGGRESSIVE;
				GCC_WARN_UNUSED_FUNCTION = YES;
				GCC_WARN_UNUSED_VARIABLE = YES;
				IPHONEOS_DEPLOYMENT_TARGET = 16.2;
				MTL_ENABLE_DEBUG_INFO = INCLUDE_SOURCE;
				MTL_FAST_MATH = YES;
				ONLY_ACTIVE_ARCH = YES;
				SDKROOT = iphoneos;
				SWIFT_ACTIVE_COMPILATION_CONDITIONS = DEBUG;
				SWIFT_OPTIMIZATION_LEVEL = "-Onone";
			};
			name = Debug;
		};
		E477C76029BF6D5E00467B6C /* Release */ = {
			isa = XCBuildConfiguration;
			buildSettings = {
				ALWAYS_SEARCH_USER_PATHS = NO;
				CLANG_ANALYZER_NONNULL = YES;
				CLANG_ANALYZER_NUMBER_OBJECT_CONVERSION = YES_AGGRESSIVE;
				CLANG_CXX_LANGUAGE_STANDARD = "gnu++20";
				CLANG_ENABLE_MODULES = YES;
				CLANG_ENABLE_OBJC_ARC = YES;
				CLANG_ENABLE_OBJC_WEAK = YES;
				CLANG_WARN_BLOCK_CAPTURE_AUTORELEASING = YES;
				CLANG_WARN_BOOL_CONVERSION = YES;
				CLANG_WARN_COMMA = YES;
				CLANG_WARN_CONSTANT_CONVERSION = YES;
				CLANG_WARN_DEPRECATED_OBJC_IMPLEMENTATIONS = YES;
				CLANG_WARN_DIRECT_OBJC_ISA_USAGE = YES_ERROR;
				CLANG_WARN_DOCUMENTATION_COMMENTS = YES;
				CLANG_WARN_EMPTY_BODY = YES;
				CLANG_WARN_ENUM_CONVERSION = YES;
				CLANG_WARN_INFINITE_RECURSION = YES;
				CLANG_WARN_INT_CONVERSION = YES;
				CLANG_WARN_NON_LITERAL_NULL_CONVERSION = YES;
				CLANG_WARN_OBJC_IMPLICIT_RETAIN_SELF = YES;
				CLANG_WARN_OBJC_LITERAL_CONVERSION = YES;
				CLANG_WARN_OBJC_ROOT_CLASS = YES_ERROR;
				CLANG_WARN_QUOTED_INCLUDE_IN_FRAMEWORK_HEADER = YES;
				CLANG_WARN_RANGE_LOOP_ANALYSIS = YES;
				CLANG_WARN_STRICT_PROTOTYPES = YES;
				CLANG_WARN_SUSPICIOUS_MOVE = YES;
				CLANG_WARN_UNGUARDED_AVAILABILITY = YES_AGGRESSIVE;
				CLANG_WARN_UNREACHABLE_CODE = YES;
				CLANG_WARN__DUPLICATE_METHOD_MATCH = YES;
				COPY_PHASE_STRIP = NO;
				DEBUG_INFORMATION_FORMAT = "dwarf-with-dsym";
				ENABLE_NS_ASSERTIONS = NO;
				ENABLE_STRICT_OBJC_MSGSEND = YES;
				GCC_C_LANGUAGE_STANDARD = gnu11;
				GCC_NO_COMMON_BLOCKS = YES;
				GCC_WARN_64_TO_32_BIT_CONVERSION = YES;
				GCC_WARN_ABOUT_RETURN_TYPE = YES_ERROR;
				GCC_WARN_UNDECLARED_SELECTOR = YES;
				GCC_WARN_UNINITIALIZED_AUTOS = YES_AGGRESSIVE;
				GCC_WARN_UNUSED_FUNCTION = YES;
				GCC_WARN_UNUSED_VARIABLE = YES;
				IPHONEOS_DEPLOYMENT_TARGET = 16.2;
				MTL_ENABLE_DEBUG_INFO = NO;
				MTL_FAST_MATH = YES;
				SDKROOT = iphoneos;
				SWIFT_COMPILATION_MODE = wholemodule;
				SWIFT_OPTIMIZATION_LEVEL = "-O";
				VALIDATE_PRODUCT = YES;
			};
			name = Release;
		};
		E477C76229BF6D5E00467B6C /* Debug */ = {
			isa = XCBuildConfiguration;
			buildSettings = {
				ASSETCATALOG_COMPILER_APPICON_NAME = AppIcon;
				ASSETCATALOG_COMPILER_GLOBAL_ACCENT_COLOR_NAME = AccentColor;
				CODE_SIGN_STYLE = Automatic;
				CURRENT_PROJECT_VERSION = 1;
				DEVELOPMENT_ASSET_PATHS = "\"Food-Mela iOS/Preview Content\"";
				DEVELOPMENT_TEAM = LW697C6GXC;
				ENABLE_PREVIEWS = YES;
				GENERATE_INFOPLIST_FILE = YES;
				INFOPLIST_KEY_UIApplicationSceneManifest_Generation = YES;
				INFOPLIST_KEY_UIApplicationSupportsIndirectInputEvents = YES;
				INFOPLIST_KEY_UILaunchScreen_Generation = YES;
				INFOPLIST_KEY_UISupportedInterfaceOrientations_iPad = "UIInterfaceOrientationPortrait UIInterfaceOrientationPortraitUpsideDown UIInterfaceOrientationLandscapeLeft UIInterfaceOrientationLandscapeRight";
				INFOPLIST_KEY_UISupportedInterfaceOrientations_iPhone = "UIInterfaceOrientationPortrait UIInterfaceOrientationLandscapeLeft UIInterfaceOrientationLandscapeRight";
				LD_RUNPATH_SEARCH_PATHS = (
					"$(inherited)",
					"@executable_path/Frameworks",
				);
				MARKETING_VERSION = 1.0;
				PRODUCT_BUNDLE_IDENTIFIER = "com.junaed.Food-Mela-iOS";
				PRODUCT_NAME = "$(TARGET_NAME)";
				SWIFT_EMIT_LOC_STRINGS = YES;
				SWIFT_VERSION = 5.0;
				TARGETED_DEVICE_FAMILY = "1,2";
			};
			name = Debug;
		};
		E477C76329BF6D5E00467B6C /* Release */ = {
			isa = XCBuildConfiguration;
			buildSettings = {
				ASSETCATALOG_COMPILER_APPICON_NAME = AppIcon;
				ASSETCATALOG_COMPILER_GLOBAL_ACCENT_COLOR_NAME = AccentColor;
				CODE_SIGN_STYLE = Automatic;
				CURRENT_PROJECT_VERSION = 1;
				DEVELOPMENT_ASSET_PATHS = "\"Food-Mela iOS/Preview Content\"";
				DEVELOPMENT_TEAM = LW697C6GXC;
				ENABLE_PREVIEWS = YES;
				GENERATE_INFOPLIST_FILE = YES;
				INFOPLIST_KEY_UIApplicationSceneManifest_Generation = YES;
				INFOPLIST_KEY_UIApplicationSupportsIndirectInputEvents = YES;
				INFOPLIST_KEY_UILaunchScreen_Generation = YES;
				INFOPLIST_KEY_UISupportedInterfaceOrientations_iPad = "UIInterfaceOrientationPortrait UIInterfaceOrientationPortraitUpsideDown UIInterfaceOrientationLandscapeLeft UIInterfaceOrientationLandscapeRight";
				INFOPLIST_KEY_UISupportedInterfaceOrientations_iPhone = "UIInterfaceOrientationPortrait UIInterfaceOrientationLandscapeLeft UIInterfaceOrientationLandscapeRight";
				LD_RUNPATH_SEARCH_PATHS = (
					"$(inherited)",
					"@executable_path/Frameworks",
				);
				MARKETING_VERSION = 1.0;
				PRODUCT_BUNDLE_IDENTIFIER = "com.junaed.Food-Mela-iOS";
				PRODUCT_NAME = "$(TARGET_NAME)";
				SWIFT_EMIT_LOC_STRINGS = YES;
				SWIFT_VERSION = 5.0;
				TARGETED_DEVICE_FAMILY = "1,2";
			};
			name = Release;
		};
/* End XCBuildConfiguration section */

/* Begin XCConfigurationList section */
		E477C74E29BF6D5B00467B6C /* Build configuration list for PBXProject "Food-Mela iOS" */ = {
			isa = XCConfigurationList;
			buildConfigurations = (
				E477C75F29BF6D5E00467B6C /* Debug */,
				E477C76029BF6D5E00467B6C /* Release */,
			);
			defaultConfigurationIsVisible = 0;
			defaultConfigurationName = Release;
		};
		E477C76129BF6D5E00467B6C /* Build configuration list for PBXNativeTarget "Food-Mela iOS" */ = {
			isa = XCConfigurationList;
			buildConfigurations = (
				E477C76229BF6D5E00467B6C /* Debug */,
				E477C76329BF6D5E00467B6C /* Release */,
			);
			defaultConfigurationIsVisible = 0;
			defaultConfigurationName = Release;
		};
/* End XCConfigurationList section */

/* Begin XCRemoteSwiftPackageReference section */
		E4458EAF29D599900040A695 /* XCRemoteSwiftPackageReference "AlertToast" */ = {
			isa = XCRemoteSwiftPackageReference;
			repositoryURL = "https://github.com/elai950/AlertToast.git";
			requirement = {
				kind = upToNextMajorVersion;
				minimumVersion = 1.0.0;
			};
		};
/* End XCRemoteSwiftPackageReference section */

/* Begin XCSwiftPackageProductDependency section */
		E4458EB029D599900040A695 /* AlertToast */ = {
			isa = XCSwiftPackageProductDependency;
			package = E4458EAF29D599900040A695 /* XCRemoteSwiftPackageReference "AlertToast" */;
			productName = AlertToast;
		};
/* End XCSwiftPackageProductDependency section */
	};
	rootObject = E477C74B29BF6D5B00467B6C /* Project object */;
}
